
Microsoft Visual Studio Solution File, Format Version 12.00
# Visual Studio Version 17
VisualStudioVersion = 17.10.34928.147
MinimumVisualStudioVersion = 10.0.40219.1
Project("{FAE04EC0-301F-11D3-BF4B-00C04F79EFBC}") = "Tito_Store", "Tito_Store\Tito_Store.csproj", "{FAFF95CA-C62A-4A53-9001-8574DF18CCFB}"
EndProject
Global
	GlobalSection(SolutionConfigurationPlatforms) = preSolution
		Debug|Any CPU = Debug|Any CPU
		Release|Any CPU = Release|Any CPU
	EndGlobalSection
	GlobalSection(ProjectConfigurationPlatforms) = postSolution
		{FAFF95CA-C62A-4A53-9001-8574DF18CCFB}.Debug|Any CPU.ActiveCfg = Debug|Any CPU
		{FAFF95CA-C62A-4A53-9001-8574DF18CCFB}.Debug|Any CPU.Build.0 = Debug|Any CPU
		{FAFF95CA-C62A-4A53-9001-8574DF18CCFB}.Debug|Any CPU.Deploy.0 = Debug|Any CPU
		{FAFF95CA-C62A-4A53-9001-8574DF18CCFB}.Release|Any CPU.ActiveCfg = Release|Any CPU
		{FAFF95CA-C62A-4A53-9001-8574DF18CCFB}.Release|Any CPU.Build.0 = Release|Any CPU
		{FAFF95CA-C62A-4A53-9001-8574DF18CCFB}.Release|Any CPU.Deploy.0 = Release|Any CPU
	EndGlobalSection
	GlobalSection(SolutionProperties) = preSolution
		HideSolutionNode = FALSE
	EndGlobalSection
	GlobalSection(ExtensibilityGlobals) = postSolution
		SolutionGuid = {6AE26847-B5A5-496C-A677-A81459E24147}
	EndGlobalSection
EndGlobal
